
Microsoft Visual Studio Solution File, Format Version 12.00
# Visual Studio Version 16
VisualStudioVersion = 16.0.33328.57
MinimumVisualStudioVersion = 10.0.40219.1
Project("{FAE04EC0-301F-11D3-BF4B-00C04F79EFBC}") = "ProjetoMVC2023", "ProjetoMVC2023\ProjetoMVC2023.csproj", "{7A30F8F8-2224-4058-B294-4F243AF246F7}"
EndProject
Global
	GlobalSection(SolutionConfigurationPlatforms) = preSolution
		Debug|Any CPU = Debug|Any CPU
		Release|Any CPU = Release|Any CPU
	EndGlobalSection
	GlobalSection(ProjectConfigurationPlatforms) = postSolution
		{7A30F8F8-2224-4058-B294-4F243AF246F7}.Debug|Any CPU.ActiveCfg = Debug|Any CPU
		{7A30F8F8-2224-4058-B294-4F243AF246F7}.Debug|Any CPU.Build.0 = Debug|Any CPU
		{7A30F8F8-2224-4058-B294-4F243AF246F7}.Release|Any CPU.ActiveCfg = Release|Any CPU
		{7A30F8F8-2224-4058-B294-4F243AF246F7}.Release|Any CPU.Build.0 = Release|Any CPU
	EndGlobalSection
	GlobalSection(SolutionProperties) = preSolution
		HideSolutionNode = FALSE
	EndGlobalSection
	GlobalSection(ExtensibilityGlobals) = postSolution
		SolutionGuid = {FEFF4D80-910E-4516-A1C5-965FF21E66CA}
	EndGlobalSection
EndGlobal
